
Microsoft Visual Studio Solution File, Format Version 12.00
# Visual Studio Version 17
VisualStudioVersion = 17.5.33424.131
MinimumVisualStudioVersion = 10.0.40219.1
Project("{9A19103F-16F7-4668-BE54-9A1E7A4F7556}") = "Atividade10_GestãoDeEquipamentos.ConsoleApp", "Atividade10_GestãoDeEquipamentos.ConsoleApp\Atividade10_GestãoDeEquipamentos.ConsoleApp.csproj", "{16BE5A51-4201-476B-A8FC-DEBC4B0CB50A}"
EndProject
Project("{2150E333-8FDC-42A3-9474-1A3956D46DE8}") = "Solution Items", "Solution Items", "{81CB3E6B-EBF7-440F-B741-DA1A3CCACE03}"
	ProjectSection(SolutionItems) = preProject
		.editorconfig = .editorconfig
	EndProjectSection
EndProject
Global
	GlobalSection(SolutionConfigurationPlatforms) = preSolution
		Debug|Any CPU = Debug|Any CPU
		Release|Any CPU = Release|Any CPU
	EndGlobalSection
	GlobalSection(ProjectConfigurationPlatforms) = postSolution
		{16BE5A51-4201-476B-A8FC-DEBC4B0CB50A}.Debug|Any CPU.ActiveCfg = Debug|Any CPU
		{16BE5A51-4201-476B-A8FC-DEBC4B0CB50A}.Debug|Any CPU.Build.0 = Debug|Any CPU
		{16BE5A51-4201-476B-A8FC-DEBC4B0CB50A}.Release|Any CPU.ActiveCfg = Release|Any CPU
		{16BE5A51-4201-476B-A8FC-DEBC4B0CB50A}.Release|Any CPU.Build.0 = Release|Any CPU
	EndGlobalSection
	GlobalSection(SolutionProperties) = preSolution
		HideSolutionNode = FALSE
	EndGlobalSection
	GlobalSection(ExtensibilityGlobals) = postSolution
		SolutionGuid = {A26832E4-A3F4-430D-A0E7-2F9054FC6654}
	EndGlobalSection
EndGlobal
